// !$*UTF8*$!
{
	archiveVersion = 1;
	classes = {
	};
	objectVersion = 46;
	objects = {

/* Begin PBXBuildFile section */
		599C6D441A53508E00F18EDF /* ToDoItem.m in Sources */ = {isa = PBXBuildFile; fileRef = 599C6D431A53508E00F18EDF /* ToDoItem.m */; };
		599DEAC61A507D2F00A23EE4 /* main.m in Sources */ = {isa = PBXBuildFile; fileRef = 599DEAC51A507D2F00A23EE4 /* main.m */; };
		599DEAC91A507D2F00A23EE4 /* AppDelegate.m in Sources */ = {isa = PBXBuildFile; fileRef = 599DEAC81A507D2F00A23EE4 /* AppDelegate.m */; };
		599DEACF1A507D2F00A23EE4 /* Main.storyboard in Resources */ = {isa = PBXBuildFile; fileRef = 599DEACD1A507D2F00A23EE4 /* Main.storyboard */; };
		599DEAD11A507D2F00A23EE4 /* Images.xcassets in Resources */ = {isa = PBXBuildFile; fileRef = 599DEAD01A507D2F00A23EE4 /* Images.xcassets */; };
		599DEAD41A507D2F00A23EE4 /* LaunchScreen.xib in Resources */ = {isa = PBXBuildFile; fileRef = 599DEAD21A507D2F00A23EE4 /* LaunchScreen.xib */; };
		599DEAE01A507D2F00A23EE4 /* ToDoListTests.m in Sources */ = {isa = PBXBuildFile; fileRef = 599DEADF1A507D2F00A23EE4 /* ToDoListTests.m */; };
		599E916A1A512DAC00A45AC9 /* AddToDoItemViewController.m in Sources */ = {isa = PBXBuildFile; fileRef = 599E91691A512DAC00A45AC9 /* AddToDoItemViewController.m */; };
		59C18C3D1A51333D00EF990F /* ToDoListTableViewController.m in Sources */ = {isa = PBXBuildFile; fileRef = 59C18C3C1A51333D00EF990F /* ToDoListTableViewController.m */; };
/* End PBXBuildFile section */

/* Begin PBXContainerItemProxy section */
		599DEADA1A507D2F00A23EE4 /* PBXContainerItemProxy */ = {
			isa = PBXContainerItemProxy;
			containerPortal = 599DEAB81A507D2F00A23EE4 /* Project object */;
			proxyType = 1;
			remoteGlobalIDString = 599DEABF1A507D2F00A23EE4;
			remoteInfo = ToDoList;
		};
/* End PBXContainerItemProxy section */

/* Begin PBXFileReference section */
		599C6D421A53508E00F18EDF /* ToDoItem.h */ = {isa = PBXFileReference; fileEncoding = 4; lastKnownFileType = sourcecode.c.h; path = ToDoItem.h; sourceTree = "<group>"; };
		599C6D431A53508E00F18EDF /* ToDoItem.m */ = {isa = PBXFileReference; fileEncoding = 4; lastKnownFileType = sourcecode.c.objc; path = ToDoItem.m; sourceTree = "<group>"; };
		599DEAC01A507D2F00A23EE4 /* ToDoList.app */ = {isa = PBXFileReference; explicitFileType = wrapper.application; includeInIndex = 0; path = ToDoList.app; sourceTree = BUILT_PRODUCTS_DIR; };
		599DEAC41A507D2F00A23EE4 /* Info.plist */ = {isa = PBXFileReference; lastKnownFileType = text.plist.xml; path = Info.plist; sourceTree = "<group>"; };
		599DEAC51A507D2F00A23EE4 /* main.m */ = {isa = PBXFileReference; lastKnownFileType = sourcecode.c.objc; path = main.m; sourceTree = "<group>"; };
		599DEAC71A507D2F00A23EE4 /* AppDelegate.h */ = {isa = PBXFileReference; lastKnownFileType = sourcecode.c.h; path = AppDelegate.h; sourceTree = "<group>"; };
		599DEAC81A507D2F00A23EE4 /* AppDelegate.m */ = {isa = PBXFileReference; lastKnownFileType = sourcecode.c.objc; path = AppDelegate.m; sourceTree = "<group>"; };
		599DEACE1A507D2F00A23EE4 /* Base */ = {isa = PBXFileReference; lastKnownFileType = file.storyboard; name = Base; path = Base.lproj/Main.storyboard; sourceTree = "<group>"; };
		599DEAD01A507D2F00A23EE4 /* Images.xcassets */ = {isa = PBXFileReference; lastKnownFileType = folder.assetcatalog; path = Images.xcassets; sourceTree = "<group>"; };
		599DEAD31A507D2F00A23EE4 /* Base */ = {isa = PBXFileReference; lastKnownFileType = file.xib; name = Base; path = Base.lproj/LaunchScreen.xib; sourceTree = "<group>"; };
		599DEAD91A507D2F00A23EE4 /* ToDoListTests.xctest */ = {isa = PBXFileReference; explicitFileType = wrapper.cfbundle; includeInIndex = 0; path = ToDoListTests.xctest; sourceTree = BUILT_PRODUCTS_DIR; };
		599DEADE1A507D2F00A23EE4 /* Info.plist */ = {isa = PBXFileReference; lastKnownFileType = text.plist.xml; path = Info.plist; sourceTree = "<group>"; };
		599DEADF1A507D2F00A23EE4 /* ToDoListTests.m */ = {isa = PBXFileReference; lastKnownFileType = sourcecode.c.objc; path = ToDoListTests.m; sourceTree = "<group>"; };
		599E91681A512DAC00A45AC9 /* AddToDoItemViewController.h */ = {isa = PBXFileReference; fileEncoding = 4; lastKnownFileType = sourcecode.c.h; path = AddToDoItemViewController.h; sourceTree = "<group>"; };
		599E91691A512DAC00A45AC9 /* AddToDoItemViewController.m */ = {isa = PBXFileReference; fileEncoding = 4; lastKnownFileType = sourcecode.c.objc; path = AddToDoItemViewController.m; sourceTree = "<group>"; };
		59C18C3B1A51333D00EF990F /* ToDoListTableViewController.h */ = {isa = PBXFileReference; fileEncoding = 4; lastKnownFileType = sourcecode.c.h; path = ToDoListTableViewController.h; sourceTree = "<group>"; };
		59C18C3C1A51333D00EF990F /* ToDoListTableViewController.m */ = {isa = PBXFileReference; fileEncoding = 4; lastKnownFileType = sourcecode.c.objc; path = ToDoListTableViewController.m; sourceTree = "<group>"; };
/* End PBXFileReference section */

/* Begin PBXFrameworksBuildPhase section */
		599DEABD1A507D2F00A23EE4 /* Frameworks */ = {
			isa = PBXFrameworksBuildPhase;
			buildActionMask = 2147483647;
			files = (
			);
			runOnlyForDeploymentPostprocessing = 0;
		};
		599DEAD61A507D2F00A23EE4 /* Frameworks */ = {
			isa = PBXFrameworksBuildPhase;
			buildActionMask = 2147483647;
			files = (
			);
			runOnlyForDeploymentPostprocessing = 0;
		};
/* End PBXFrameworksBuildPhase section */

/* Begin PBXGroup section */
		599DEAB71A507D2F00A23EE4 = {
			isa = PBXGroup;
			children = (
				59C18C3B1A51333D00EF990F /* ToDoListTableViewController.h */,
				59C18C3C1A51333D00EF990F /* ToDoListTableViewController.m */,
				599E91681A512DAC00A45AC9 /* AddToDoItemViewController.h */,
				599E91691A512DAC00A45AC9 /* AddToDoItemViewController.m */,
				599DEAC21A507D2F00A23EE4 /* ToDoList */,
				599DEADC1A507D2F00A23EE4 /* ToDoListTests */,
				599DEAC11A507D2F00A23EE4 /* Products */,
			);
			sourceTree = "<group>";
		};
		599DEAC11A507D2F00A23EE4 /* Products */ = {
			isa = PBXGroup;
			children = (
				599DEAC01A507D2F00A23EE4 /* ToDoList.app */,
				599DEAD91A507D2F00A23EE4 /* ToDoListTests.xctest */,
			);
			name = Products;
			sourceTree = "<group>";
		};
		599DEAC21A507D2F00A23EE4 /* ToDoList */ = {
			isa = PBXGroup;
			children = (
				599DEAC71A507D2F00A23EE4 /* AppDelegate.h */,
				599DEAC81A507D2F00A23EE4 /* AppDelegate.m */,
				599DEACD1A507D2F00A23EE4 /* Main.storyboard */,
				599C6D421A53508E00F18EDF /* ToDoItem.h */,
				599C6D431A53508E00F18EDF /* ToDoItem.m */,
				599DEAD01A507D2F00A23EE4 /* Images.xcassets */,
				599DEAD21A507D2F00A23EE4 /* LaunchScreen.xib */,
				599DEAC31A507D2F00A23EE4 /* Supporting Files */,
			);
			path = ToDoList;
			sourceTree = "<group>";
		};
		599DEAC31A507D2F00A23EE4 /* Supporting Files */ = {
			isa = PBXGroup;
			children = (
				599DEAC41A507D2F00A23EE4 /* Info.plist */,
				599DEAC51A507D2F00A23EE4 /* main.m */,
			);
			name = "Supporting Files";
			sourceTree = "<group>";
		};
		599DEADC1A507D2F00A23EE4 /* ToDoListTests */ = {
			isa = PBXGroup;
			children = (
				599DEADF1A507D2F00A23EE4 /* ToDoListTests.m */,
				599DEADD1A507D2F00A23EE4 /* Supporting Files */,
			);
			path = ToDoListTests;
			sourceTree = "<group>";
		};
		599DEADD1A507D2F00A23EE4 /* Supporting Files */ = {
			isa = PBXGroup;
			children = (
				599DEADE1A507D2F00A23EE4 /* Info.plist */,
			);
			name = "Supporting Files";
			sourceTree = "<group>";
		};
/* End PBXGroup section */

/* Begin PBXNativeTarget section */
		599DEABF1A507D2F00A23EE4 /* ToDoList */ = {
			isa = PBXNativeTarget;
			buildConfigurationList = 599DEAE31A507D3000A23EE4 /* Build configuration list for PBXNativeTarget "ToDoList" */;
			buildPhases = (
				599DEABC1A507D2F00A23EE4 /* Sources */,
				599DEABD1A507D2F00A23EE4 /* Frameworks */,
				599DEABE1A507D2F00A23EE4 /* Resources */,
			);
			buildRules = (
			);
			dependencies = (
			);
			name = ToDoList;
			productName = ToDoList;
			productReference = 599DEAC01A507D2F00A23EE4 /* ToDoList.app */;
			productType = "com.apple.product-type.application";
		};
		599DEAD81A507D2F00A23EE4 /* ToDoListTests */ = {
			isa = PBXNativeTarget;
			buildConfigurationList = 599DEAE61A507D3000A23EE4 /* Build configuration list for PBXNativeTarget "ToDoListTests" */;
			buildPhases = (
				599DEAD51A507D2F00A23EE4 /* Sources */,
				599DEAD61A507D2F00A23EE4 /* Frameworks */,
				599DEAD71A507D2F00A23EE4 /* Resources */,
			);
			buildRules = (
			);
			dependencies = (
				599DEADB1A507D2F00A23EE4 /* PBXTargetDependency */,
			);
			name = ToDoListTests;
			productName = ToDoListTests;
			productReference = 599DEAD91A507D2F00A23EE4 /* ToDoListTests.xctest */;
			productType = "com.apple.product-type.bundle.unit-test";
		};
/* End PBXNativeTarget section */

/* Begin PBXProject section */
		599DEAB81A507D2F00A23EE4 /* Project object */ = {
			isa = PBXProject;
			attributes = {
				LastUpgradeCheck = 0610;
				ORGANIZATIONNAME = "Nik Bisht";
				TargetAttributes = {
					599DEABF1A507D2F00A23EE4 = {
						CreatedOnToolsVersion = 6.1.1;
					};
					599DEAD81A507D2F00A23EE4 = {
						CreatedOnToolsVersion = 6.1.1;
						TestTargetID = 599DEABF1A507D2F00A23EE4;
					};
				};
			};
			buildConfigurationList = 599DEABB1A507D2F00A23EE4 /* Build configuration list for PBXProject "ToDoList" */;
			compatibilityVersion = "Xcode 3.2";
			developmentRegion = English;
			hasScannedForEncodings = 0;
			knownRegions = (
				en,
				Base,
			);
			mainGroup = 599DEAB71A507D2F00A23EE4;
			productRefGroup = 599DEAC11A507D2F00A23EE4 /* Products */;
			projectDirPath = "";
			projectRoot = "";
			targets = (
				599DEABF1A507D2F00A23EE4 /* ToDoList */,
				599DEAD81A507D2F00A23EE4 /* ToDoListTests */,
			);
		};
/* End PBXProject section */

/* Begin PBXResourcesBuildPhase section */
		599DEABE1A507D2F00A23EE4 /* Resources */ = {
			isa = PBXResourcesBuildPhase;
			buildActionMask = 2147483647;
			files = (
				599DEACF1A507D2F00A23EE4 /* Main.storyboard in Resources */,
				599DEAD41A507D2F00A23EE4 /* LaunchScreen.xib in Resources */,
				599DEAD11A507D2F00A23EE4 /* Images.xcassets in Resources */,
			);
			runOnlyForDeploymentPostprocessing = 0;
		};
		599DEAD71A507D2F00A23EE4 /* Resources */ = {
			isa = PBXResourcesBuildPhase;
			buildActionMask = 2147483647;
			files = (
			);
			runOnlyForDeploymentPostprocessing = 0;
		};
/* End PBXResourcesBuildPhase section */

/* Begin PBXSourcesBuildPhase section */
		599DEABC1A507D2F00A23EE4 /* Sources */ = {
			isa = PBXSourcesBuildPhase;
			buildActionMask = 2147483647;
			files = (
				599DEAC91A507D2F00A23EE4 /* AppDelegate.m in Sources */,
				599C6D441A53508E00F18EDF /* ToDoItem.m in Sources */,
				59C18C3D1A51333D00EF990F /* ToDoListTableViewController.m in Sources */,
				599DEAC61A507D2F00A23EE4 /* main.m in Sources */,
				599E916A1A512DAC00A45AC9 /* AddToDoItemViewController.m in Sources */,
			);
			runOnlyForDeploymentPostprocessing = 0;
		};
		599DEAD51A507D2F00A23EE4 /* Sources */ = {
			isa = PBXSourcesBuildPhase;
			buildActionMask = 2147483647;
			files = (
				599DEAE01A507D2F00A23EE4 /* ToDoListTests.m in Sources */,
			);
			runOnlyForDeploymentPostprocessing = 0;
		};
/* End PBXSourcesBuildPhase section */

/* Begin PBXTargetDependency section */
		599DEADB1A507D2F00A23EE4 /* PBXTargetDependency */ = {
			isa = PBXTargetDependency;
			target = 599DEABF1A507D2F00A23EE4 /* ToDoList */;
			targetProxy = 599DEADA1A507D2F00A23EE4 /* PBXContainerItemProxy */;
		};
/* End PBXTargetDependency section */

/* Begin PBXVariantGroup section */
		599DEACD1A507D2F00A23EE4 /* Main.storyboard */ = {
			isa = PBXVariantGroup;
			children = (
				599DEACE1A507D2F00A23EE4 /* Base */,
			);
			name = Main.storyboard;
			sourceTree = "<group>";
		};
		599DEAD21A507D2F00A23EE4 /* LaunchScreen.xib */ = {
			isa = PBXVariantGroup;
			children = (
				599DEAD31A507D2F00A23EE4 /* Base */,
			);
			name = LaunchScreen.xib;
			sourceTree = "<group>";
		};
/* End PBXVariantGroup section */

/* Begin XCBuildConfiguration section */
		599DEAE11A507D2F00A23EE4 /* Debug */ = {
			isa = XCBuildConfiguration;
			buildSettings = {
				ALWAYS_SEARCH_USER_PATHS = NO;
				CLANG_CXX_LANGUAGE_STANDARD = "gnu++0x";
				CLANG_CXX_LIBRARY = "libc++";
				CLANG_ENABLE_MODULES = YES;
				CLANG_ENABLE_OBJC_ARC = YES;
				CLANG_WARN_BOOL_CONVERSION = YES;
				CLANG_WARN_CONSTANT_CONVERSION = YES;
				CLANG_WARN_DIRECT_OBJC_ISA_USAGE = YES_ERROR;
				CLANG_WARN_EMPTY_BODY = YES;
				CLANG_WARN_ENUM_CONVERSION = YES;
				CLANG_WARN_INT_CONVERSION = YES;
				CLANG_WARN_OBJC_ROOT_CLASS = YES_ERROR;
				CLANG_WARN_UNREACHABLE_CODE = YES;
				CLANG_WARN__DUPLICATE_METHOD_MATCH = YES;
				"CODE_SIGN_IDENTITY[sdk=iphoneos*]" = "iPhone Developer";
				COPY_PHASE_STRIP = NO;
				ENABLE_STRICT_OBJC_MSGSEND = YES;
				GCC_C_LANGUAGE_STANDARD = gnu99;
				GCC_DYNAMIC_NO_PIC = NO;
				GCC_OPTIMIZATION_LEVEL = 0;
				GCC_PREPROCESSOR_DEFINITIONS = (
					"DEBUG=1",
					"$(inherited)",
				);
				GCC_SYMBOLS_PRIVATE_EXTERN = NO;
				GCC_WARN_64_TO_32_BIT_CONVERSION = YES;
				GCC_WARN_ABOUT_RETURN_TYPE = YES_ERROR;
				GCC_WARN_UNDECLARED_SELECTOR = YES;
				GCC_WARN_UNINITIALIZED_AUTOS = YES_AGGRESSIVE;
				GCC_WARN_UNUSED_FUNCTION = YES;
				GCC_WARN_UNUSED_VARIABLE = YES;
				IPHONEOS_DEPLOYMENT_TARGET = 8.1;
				MTL_ENABLE_DEBUG_INFO = YES;
				ONLY_ACTIVE_ARCH = YES;
				SDKROOT = iphoneos;
				TARGETED_DEVICE_FAMILY = "1,2";
			};
			name = Debug;
		};
		599DEAE21A507D3000A23EE4 /* Release */ = {
			isa = XCBuildConfiguration;
			buildSettings = {
				ALWAYS_SEARCH_USER_PATHS = NO;
				CLANG_CXX_LANGUAGE_STANDARD = "gnu++0x";
				CLANG_CXX_LIBRARY = "libc++";
				CLANG_ENABLE_MODULES = YES;
				CLANG_ENABLE_OBJC_ARC = YES;
				CLANG_WARN_BOOL_CONVERSION = YES;
				CLANG_WARN_CONSTANT_CONVERSION = YES;
				CLANG_WARN_DIRECT_OBJC_ISA_USAGE = YES_ERROR;
				CLANG_WARN_EMPTY_BODY = YES;
				CLANG_WARN_ENUM_CONVERSION = YES;
				CLANG_WARN_INT_CONVERSION = YES;
				CLANG_WARN_OBJC_ROOT_CLASS = YES_ERROR;
				CLANG_WARN_UNREACHABLE_CODE = YES;
				CLANG_WARN__DUPLICATE_METHOD_MATCH = YES;
				"CODE_SIGN_IDENTITY[sdk=iphoneos*]" = "iPhone Developer";
				COPY_PHASE_STRIP = YES;
				ENABLE_NS_ASSERTIONS = NO;
				ENABLE_STRICT_OBJC_MSGSEND = YES;
				GCC_C_LANGUAGE_STANDARD = gnu99;
				GCC_WARN_64_TO_32_BIT_CONVERSION = YES;
				GCC_WARN_ABOUT_RETURN_TYPE = YES_ERROR;
				GCC_WARN_UNDECLARED_SELECTOR = YES;
				GCC_WARN_UNINITIALIZED_AUTOS = YES_AGGRESSIVE;
				GCC_WARN_UNUSED_FUNCTION = YES;
				GCC_WARN_UNUSED_VARIABLE = YES;
				IPHONEOS_DEPLOYMENT_TARGET = 8.1;
				MTL_ENABLE_DEBUG_INFO = NO;
				SDKROOT = iphoneos;
				TARGETED_DEVICE_FAMILY = "1,2";
				VALIDATE_PRODUCT = YES;
			};
			name = Release;
		};
		599DEAE41A507D3000A23EE4 /* Debug */ = {
			isa = XCBuildConfiguration;
			buildSettings = {
				ASSETCATALOG_COMPILER_APPICON_NAME = AppIcon;
				INFOPLIST_FILE = ToDoList/Info.plist;
				LD_RUNPATH_SEARCH_PATHS = "$(inherited) @executable_path/Frameworks";
				PRODUCT_NAME = "$(TARGET_NAME)";
			};
			name = Debug;
		};
		599DEAE51A507D3000A23EE4 /* Release */ = {
			isa = XCBuildConfiguration;
			buildSettings = {
				ASSETCATALOG_COMPILER_APPICON_NAME = AppIcon;
				INFOPLIST_FILE = ToDoList/Info.plist;
				LD_RUNPATH_SEARCH_PATHS = "$(inherited) @executable_path/Frameworks";
				PRODUCT_NAME = "$(TARGET_NAME)";
			};
			name = Release;
		};
		599DEAE71A507D3000A23EE4 /* Debug */ = {
			isa = XCBuildConfiguration;
			buildSettings = {
				BUNDLE_LOADER = "$(TEST_HOST)";
				FRAMEWORK_SEARCH_PATHS = (
					"$(SDKROOT)/Developer/Library/Frameworks",
					"$(inherited)",
				);
				GCC_PREPROCESSOR_DEFINITIONS = (
					"DEBUG=1",
					"$(inherited)",
				);
				INFOPLIST_FILE = ToDoListTests/Info.plist;
				LD_RUNPATH_SEARCH_PATHS = "$(inherited) @executable_path/Frameworks @loader_path/Frameworks";
				PRODUCT_NAME = "$(TARGET_NAME)";
				TEST_HOST = "$(BUILT_PRODUCTS_DIR)/ToDoList.app/ToDoList";
			};
			name = Debug;
		};
		599DEAE81A507D3000A23EE4 /* Release */ = {
			isa = XCBuildConfiguration;
			buildSettings = {
				BUNDLE_LOADER = "$(TEST_HOST)";
				FRAMEWORK_SEARCH_PATHS = (
					"$(SDKROOT)/Developer/Library/Frameworks",
					"$(inherited)",
				);
				INFOPLIST_FILE = ToDoListTests/Info.plist;
				LD_RUNPATH_SEARCH_PATHS = "$(inherited) @executable_path/Frameworks @loader_path/Frameworks";
				PRODUCT_NAME = "$(TARGET_NAME)";
				TEST_HOST = "$(BUILT_PRODUCTS_DIR)/ToDoList.app/ToDoList";
			};
			name = Release;
		};
/* End XCBuildConfiguration section */

/* Begin XCConfigurationList section */
		599DEABB1A507D2F00A23EE4 /* Build configuration list for PBXProject "ToDoList" */ = {
			isa = XCConfigurationList;
			buildConfigurations = (
				599DEAE11A507D2F00A23EE4 /* Debug */,
				599DEAE21A507D3000A23EE4 /* Release */,
			);
			defaultConfigurationIsVisible = 0;
			defaultConfigurationName = Release;
		};
		599DEAE31A507D3000A23EE4 /* Build configuration list for PBXNativeTarget "ToDoList" */ = {
			isa = XCConfigurationList;
			buildConfigurations = (
				599DEAE41A507D3000A23EE4 /* Debug */,
				599DEAE51A507D3000A23EE4 /* Release */,
			);
			defaultConfigurationIsVisible = 0;
			defaultConfigurationName = Release;
		};
		599DEAE61A507D3000A23EE4 /* Build configuration list for PBXNativeTarget "ToDoListTests" */ = {
			isa = XCConfigurationList;
			buildConfigurations = (
				599DEAE71A507D3000A23EE4 /* Debug */,
				599DEAE81A507D3000A23EE4 /* Release */,
			);
			defaultConfigurationIsVisible = 0;
			defaultConfigurationName = Release;
		};
/* End XCConfigurationList section */
	};
	rootObject = 599DEAB81A507D2F00A23EE4 /* Project object */;
}
